// !$*UTF8*$!
{
	archiveVersion = 1;
	classes = {
	};
	objectVersion = 56;
	objects = {

/* Begin PBXBuildFile section */
		B33005BD29E8B9F400DEF6AD /* Demo_AppApp.swift in Sources */ = {isa = PBXBuildFile; fileRef = B33005BC29E8B9F400DEF6AD /* Demo_AppApp.swift */; };
		B33005BF29E8B9F400DEF6AD /* ContentView.swift in Sources */ = {isa = PBXBuildFile; fileRef = B33005BE29E8B9F400DEF6AD /* ContentView.swift */; };
		B33005C129E8B9F600DEF6AD /* Assets.xcassets in Resources */ = {isa = PBXBuildFile; fileRef = B33005C029E8B9F600DEF6AD /* Assets.xcassets */; };
		B33005C529E8B9F600DEF6AD /* Preview Assets.xcassets in Resources */ = {isa = PBXBuildFile; fileRef = B33005C429E8B9F600DEF6AD /* Preview Assets.xcassets */; };
		B33005CF29E8B9F600DEF6AD /* Demo_AppTests.swift in Sources */ = {isa = PBXBuildFile; fileRef = B33005CE29E8B9F600DEF6AD /* Demo_AppTests.swift */; };
		B33005D929E8B9F700DEF6AD /* Demo_AppUITests.swift in Sources */ = {isa = PBXBuildFile; fileRef = B33005D829E8B9F700DEF6AD /* Demo_AppUITests.swift */; };
		B33005DB29E8B9F700DEF6AD /* Demo_AppUITestsLaunchTests.swift in Sources */ = {isa = PBXBuildFile; fileRef = B33005DA29E8B9F700DEF6AD /* Demo_AppUITestsLaunchTests.swift */; };
/* End PBXBuildFile section */

/* Begin PBXContainerItemProxy section */
		B33005CB29E8B9F600DEF6AD /* PBXContainerItemProxy */ = {
			isa = PBXContainerItemProxy;
			containerPortal = B33005B129E8B9F400DEF6AD /* Project object */;
			proxyType = 1;
			remoteGlobalIDString = B33005B829E8B9F400DEF6AD;
			remoteInfo = "Demo App";
		};
		B33005D529E8B9F700DEF6AD /* PBXContainerItemProxy */ = {
			isa = PBXContainerItemProxy;
			containerPortal = B33005B129E8B9F400DEF6AD /* Project object */;
			proxyType = 1;
			remoteGlobalIDString = B33005B829E8B9F400DEF6AD;
			remoteInfo = "Demo App";
		};
/* End PBXContainerItemProxy section */

/* Begin PBXFileReference section */
		B33005B929E8B9F400DEF6AD /* Demo App.app */ = {isa = PBXFileReference; explicitFileType = wrapper.application; includeInIndex = 0; path = "Demo App.app"; sourceTree = BUILT_PRODUCTS_DIR; };
		B33005BC29E8B9F400DEF6AD /* Demo_AppApp.swift */ = {isa = PBXFileReference; lastKnownFileType = sourcecode.swift; path = Demo_AppApp.swift; sourceTree = "<group>"; };
		B33005BE29E8B9F400DEF6AD /* ContentView.swift */ = {isa = PBXFileReference; lastKnownFileType = sourcecode.swift; path = ContentView.swift; sourceTree = "<group>"; };
		B33005C029E8B9F600DEF6AD /* Assets.xcassets */ = {isa = PBXFileReference; lastKnownFileType = folder.assetcatalog; path = Assets.xcassets; sourceTree = "<group>"; };
		B33005C229E8B9F600DEF6AD /* Demo_App.entitlements */ = {isa = PBXFileReference; lastKnownFileType = text.plist.entitlements; path = Demo_App.entitlements; sourceTree = "<group>"; };
		B33005C429E8B9F600DEF6AD /* Preview Assets.xcassets */ = {isa = PBXFileReference; lastKnownFileType = folder.assetcatalog; path = "Preview Assets.xcassets"; sourceTree = "<group>"; };
		B33005CA29E8B9F600DEF6AD /* Demo AppTests.xctest */ = {isa = PBXFileReference; explicitFileType = wrapper.cfbundle; includeInIndex = 0; path = "Demo AppTests.xctest"; sourceTree = BUILT_PRODUCTS_DIR; };
		B33005CE29E8B9F600DEF6AD /* Demo_AppTests.swift */ = {isa = PBXFileReference; lastKnownFileType = sourcecode.swift; path = Demo_AppTests.swift; sourceTree = "<group>"; };
		B33005D429E8B9F700DEF6AD /* Demo AppUITests.xctest */ = {isa = PBXFileReference; explicitFileType = wrapper.cfbundle; includeInIndex = 0; path = "Demo AppUITests.xctest"; sourceTree = BUILT_PRODUCTS_DIR; };
		B33005D829E8B9F700DEF6AD /* Demo_AppUITests.swift */ = {isa = PBXFileReference; lastKnownFileType = sourcecode.swift; path = Demo_AppUITests.swift; sourceTree = "<group>"; };
		B33005DA29E8B9F700DEF6AD /* Demo_AppUITestsLaunchTests.swift */ = {isa = PBXFileReference; lastKnownFileType = sourcecode.swift; path = Demo_AppUITestsLaunchTests.swift; sourceTree = "<group>"; };
/* End PBXFileReference section */

/* Begin PBXFrameworksBuildPhase section */
		B33005B629E8B9F400DEF6AD /* Frameworks */ = {
			isa = PBXFrameworksBuildPhase;
			buildActionMask = 2147483647;
			files = (
			);
			runOnlyForDeploymentPostprocessing = 0;
		};
		B33005C729E8B9F600DEF6AD /* Frameworks */ = {
			isa = PBXFrameworksBuildPhase;
			buildActionMask = 2147483647;
			files = (
			);
			runOnlyForDeploymentPostprocessing = 0;
		};
		B33005D129E8B9F700DEF6AD /* Frameworks */ = {
			isa = PBXFrameworksBuildPhase;
			buildActionMask = 2147483647;
			files = (
			);
			runOnlyForDeploymentPostprocessing = 0;
		};
/* End PBXFrameworksBuildPhase section */

/* Begin PBXGroup section */
		B33005B029E8B9F400DEF6AD = {
			isa = PBXGroup;
			children = (
				B33005BB29E8B9F400DEF6AD /* Demo App */,
				B33005CD29E8B9F600DEF6AD /* Demo AppTests */,
				B33005D729E8B9F700DEF6AD /* Demo AppUITests */,
				B33005BA29E8B9F400DEF6AD /* Products */,
			);
			sourceTree = "<group>";
		};
		B33005BA29E8B9F400DEF6AD /* Products */ = {
			isa = PBXGroup;
			children = (
				B33005B929E8B9F400DEF6AD /* Demo App.app */,
				B33005CA29E8B9F600DEF6AD /* Demo AppTests.xctest */,
				B33005D429E8B9F700DEF6AD /* Demo AppUITests.xctest */,
			);
			name = Products;
			sourceTree = "<group>";
		};
		B33005BB29E8B9F400DEF6AD /* Demo App */ = {
			isa = PBXGroup;
			children = (
				B33005BC29E8B9F400DEF6AD /* Demo_AppApp.swift */,
				B33005BE29E8B9F400DEF6AD /* ContentView.swift */,
				B33005C029E8B9F600DEF6AD /* Assets.xcassets */,
				B33005C229E8B9F600DEF6AD /* Demo_App.entitlements */,
				B33005C329E8B9F600DEF6AD /* Preview Content */,
			);
			path = "Demo App";
			sourceTree = "<group>";
		};
		B33005C329E8B9F600DEF6AD /* Preview Content */ = {
			isa = PBXGroup;
			children = (
				B33005C429E8B9F600DEF6AD /* Preview Assets.xcassets */,
			);
			path = "Preview Content";
			sourceTree = "<group>";
		};
		B33005CD29E8B9F600DEF6AD /* Demo AppTests */ = {
			isa = PBXGroup;
			children = (
				B33005CE29E8B9F600DEF6AD /* Demo_AppTests.swift */,
			);
			path = "Demo AppTests";
			sourceTree = "<group>";
		};
		B33005D729E8B9F700DEF6AD /* Demo AppUITests */ = {
			isa = PBXGroup;
			children = (
				B33005D829E8B9F700DEF6AD /* Demo_AppUITests.swift */,
				B33005DA29E8B9F700DEF6AD /* Demo_AppUITestsLaunchTests.swift */,
			);
			path = "Demo AppUITests";
			sourceTree = "<group>";
		};
/* End PBXGroup section */

/* Begin PBXNativeTarget section */
		B33005B829E8B9F400DEF6AD /* Demo App */ = {
			isa = PBXNativeTarget;
			buildConfigurationList = B33005DE29E8B9F700DEF6AD /* Build configuration list for PBXNativeTarget "Demo App" */;
			buildPhases = (
				B33005B529E8B9F400DEF6AD /* Sources */,
				B33005B629E8B9F400DEF6AD /* Frameworks */,
				B33005B729E8B9F400DEF6AD /* Resources */,
			);
			buildRules = (
			);
			dependencies = (
			);
			name = "Demo App";
			productName = "Demo App";
			productReference = B33005B929E8B9F400DEF6AD /* Demo App.app */;
			productType = "com.apple.product-type.application";
		};
		B33005C929E8B9F600DEF6AD /* Demo AppTests */ = {
			isa = PBXNativeTarget;
			buildConfigurationList = B33005E129E8B9F700DEF6AD /* Build configuration list for PBXNativeTarget "Demo AppTests" */;
			buildPhases = (
				B33005C629E8B9F600DEF6AD /* Sources */,
				B33005C729E8B9F600DEF6AD /* Frameworks */,
				B33005C829E8B9F600DEF6AD /* Resources */,
			);
			buildRules = (
			);
			dependencies = (
				B33005CC29E8B9F600DEF6AD /* PBXTargetDependency */,
			);
			name = "Demo AppTests";
			productName = "Demo AppTests";
			productReference = B33005CA29E8B9F600DEF6AD /* Demo AppTests.xctest */;
			productType = "com.apple.product-type.bundle.unit-test";
		};
		B33005D329E8B9F700DEF6AD /* Demo AppUITests */ = {
			isa = PBXNativeTarget;
			buildConfigurationList = B33005E429E8B9F700DEF6AD /* Build configuration list for PBXNativeTarget "Demo AppUITests" */;
			buildPhases = (
				B33005D029E8B9F700DEF6AD /* Sources */,
				B33005D129E8B9F700DEF6AD /* Frameworks */,
				B33005D229E8B9F700DEF6AD /* Resources */,
			);
			buildRules = (
			);
			dependencies = (
				B33005D629E8B9F700DEF6AD /* PBXTargetDependency */,
			);
			name = "Demo AppUITests";
			productName = "Demo AppUITests";
			productReference = B33005D429E8B9F700DEF6AD /* Demo AppUITests.xctest */;
			productType = "com.apple.product-type.bundle.ui-testing";
		};
/* End PBXNativeTarget section */

/* Begin PBXProject section */
		B33005B129E8B9F400DEF6AD /* Project object */ = {
			isa = PBXProject;
			attributes = {
				BuildIndependentTargetsInParallel = 1;
				LastSwiftUpdateCheck = 1420;
				LastUpgradeCheck = 1420;
				TargetAttributes = {
					B33005B829E8B9F400DEF6AD = {
						CreatedOnToolsVersion = 14.2;
					};
					B33005C929E8B9F600DEF6AD = {
						CreatedOnToolsVersion = 14.2;
						TestTargetID = B33005B829E8B9F400DEF6AD;
					};
					B33005D329E8B9F700DEF6AD = {
						CreatedOnToolsVersion = 14.2;
						TestTargetID = B33005B829E8B9F400DEF6AD;
					};
				};
			};
			buildConfigurationList = B33005B429E8B9F400DEF6AD /* Build configuration list for PBXProject "Demo App" */;
			compatibilityVersion = "Xcode 14.0";
			developmentRegion = en;
			hasScannedForEncodings = 0;
			knownRegions = (
				en,
				Base,
			);
			mainGroup = B33005B029E8B9F400DEF6AD;
			productRefGroup = B33005BA29E8B9F400DEF6AD /* Products */;
			projectDirPath = "";
			projectRoot = "";
			targets = (
				B33005B829E8B9F400DEF6AD /* Demo App */,
				B33005C929E8B9F600DEF6AD /* Demo AppTests */,
				B33005D329E8B9F700DEF6AD /* Demo AppUITests */,
			);
		};
/* End PBXProject section */

/* Begin PBXResourcesBuildPhase section */
		B33005B729E8B9F400DEF6AD /* Resources */ = {
			isa = PBXResourcesBuildPhase;
			buildActionMask = 2147483647;
			files = (
				B33005C529E8B9F600DEF6AD /* Preview Assets.xcassets in Resources */,
				B33005C129E8B9F600DEF6AD /* Assets.xcassets in Resources */,
			);
			runOnlyForDeploymentPostprocessing = 0;
		};
		B33005C829E8B9F600DEF6AD /* Resources */ = {
			isa = PBXResourcesBuildPhase;
			buildActionMask = 2147483647;
			files = (
			);
			runOnlyForDeploymentPostprocessing = 0;
		};
		B33005D229E8B9F700DEF6AD /* Resources */ = {
			isa = PBXResourcesBuildPhase;
			buildActionMask = 2147483647;
			files = (
			);
			runOnlyForDeploymentPostprocessing = 0;
		};
/* End PBXResourcesBuildPhase section */

/* Begin PBXSourcesBuildPhase section */
		B33005B529E8B9F400DEF6AD /* Sources */ = {
			isa = PBXSourcesBuildPhase;
			buildActionMask = 2147483647;
			files = (
				B33005BF29E8B9F400DEF6AD /* ContentView.swift in Sources */,
				B33005BD29E8B9F400DEF6AD /* Demo_AppApp.swift in Sources */,
			);
			runOnlyForDeploymentPostprocessing = 0;
		};
		B33005C629E8B9F600DEF6AD /* Sources */ = {
			isa = PBXSourcesBuildPhase;
			buildActionMask = 2147483647;
			files = (
				B33005CF29E8B9F600DEF6AD /* Demo_AppTests.swift in Sources */,
			);
			runOnlyForDeploymentPostprocessing = 0;
		};
		B33005D029E8B9F700DEF6AD /* Sources */ = {
			isa = PBXSourcesBuildPhase;
			buildActionMask = 2147483647;
			files = (
				B33005DB29E8B9F700DEF6AD /* Demo_AppUITestsLaunchTests.swift in Sources */,
				B33005D929E8B9F700DEF6AD /* Demo_AppUITests.swift in Sources */,
			);
			runOnlyForDeploymentPostprocessing = 0;
		};
/* End PBXSourcesBuildPhase section */

/* Begin PBXTargetDependency section */
		B33005CC29E8B9F600DEF6AD /* PBXTargetDependency */ = {
			isa = PBXTargetDependency;
			target = B33005B829E8B9F400DEF6AD /* Demo App */;
			targetProxy = B33005CB29E8B9F600DEF6AD /* PBXContainerItemProxy */;
		};
		B33005D629E8B9F700DEF6AD /* PBXTargetDependency */ = {
			isa = PBXTargetDependency;
			target = B33005B829E8B9F400DEF6AD /* Demo App */;
			targetProxy = B33005D529E8B9F700DEF6AD /* PBXContainerItemProxy */;
		};
/* End PBXTargetDependency section */

/* Begin XCBuildConfiguration section */
		B33005DC29E8B9F700DEF6AD /* Debug */ = {
			isa = XCBuildConfiguration;
			buildSettings = {
				ALWAYS_SEARCH_USER_PATHS = NO;
				CLANG_ANALYZER_NONNULL = YES;
				CLANG_ANALYZER_NUMBER_OBJECT_CONVERSION = YES_AGGRESSIVE;
				CLANG_CXX_LANGUAGE_STANDARD = "gnu++20";
				CLANG_ENABLE_MODULES = YES;
				CLANG_ENABLE_OBJC_ARC = YES;
				CLANG_ENABLE_OBJC_WEAK = YES;
				CLANG_WARN_BLOCK_CAPTURE_AUTORELEASING = YES;
				CLANG_WARN_BOOL_CONVERSION = YES;
				CLANG_WARN_COMMA = YES;
				CLANG_WARN_CONSTANT_CONVERSION = YES;
				CLANG_WARN_DEPRECATED_OBJC_IMPLEMENTATIONS = YES;
				CLANG_WARN_DIRECT_OBJC_ISA_USAGE = YES_ERROR;
				CLANG_WARN_DOCUMENTATION_COMMENTS = YES;
				CLANG_WARN_EMPTY_BODY = YES;
				CLANG_WARN_ENUM_CONVERSION = YES;
				CLANG_WARN_INFINITE_RECURSION = YES;
				CLANG_WARN_INT_CONVERSION = YES;
				CLANG_WARN_NON_LITERAL_NULL_CONVERSION = YES;
				CLANG_WARN_OBJC_IMPLICIT_RETAIN_SELF = YES;
				CLANG_WARN_OBJC_LITERAL_CONVERSION = YES;
				CLANG_WARN_OBJC_ROOT_CLASS = YES_ERROR;
				CLANG_WARN_QUOTED_INCLUDE_IN_FRAMEWORK_HEADER = YES;
				CLANG_WARN_RANGE_LOOP_ANALYSIS = YES;
				CLANG_WARN_STRICT_PROTOTYPES = YES;
				CLANG_WARN_SUSPICIOUS_MOVE = YES;
				CLANG_WARN_UNGUARDED_AVAILABILITY = YES_AGGRESSIVE;
				CLANG_WARN_UNREACHABLE_CODE = YES;
				CLANG_WARN__DUPLICATE_METHOD_MATCH = YES;
				COPY_PHASE_STRIP = NO;
				DEBUG_INFORMATION_FORMAT = dwarf;
				ENABLE_STRICT_OBJC_MSGSEND = YES;
				ENABLE_TESTABILITY = YES;
				GCC_C_LANGUAGE_STANDARD = gnu11;
				GCC_DYNAMIC_NO_PIC = NO;
				GCC_NO_COMMON_BLOCKS = YES;
				GCC_OPTIMIZATION_LEVEL = 0;
				GCC_PREPROCESSOR_DEFINITIONS = (
					"DEBUG=1",
					"$(inherited)",
				);
				GCC_WARN_64_TO_32_BIT_CONVERSION = YES;
				GCC_WARN_ABOUT_RETURN_TYPE = YES_ERROR;
				GCC_WARN_UNDECLARED_SELECTOR = YES;
				GCC_WARN_UNINITIALIZED_AUTOS = YES_AGGRESSIVE;
				GCC_WARN_UNUSED_FUNCTION = YES;
				GCC_WARN_UNUSED_VARIABLE = YES;
				MTL_ENABLE_DEBUG_INFO = INCLUDE_SOURCE;
				MTL_FAST_MATH = YES;
				ONLY_ACTIVE_ARCH = YES;
				SWIFT_ACTIVE_COMPILATION_CONDITIONS = DEBUG;
				SWIFT_OPTIMIZATION_LEVEL = "-Onone";
			};
			name = Debug;
		};
		B33005DD29E8B9F700DEF6AD /* Release */ = {
			isa = XCBuildConfiguration;
			buildSettings = {
				ALWAYS_SEARCH_USER_PATHS = NO;
				CLANG_ANALYZER_NONNULL = YES;
				CLANG_ANALYZER_NUMBER_OBJECT_CONVERSION = YES_AGGRESSIVE;
				CLANG_CXX_LANGUAGE_STANDARD = "gnu++20";
				CLANG_ENABLE_MODULES = YES;
				CLANG_ENABLE_OBJC_ARC = YES;
				CLANG_ENABLE_OBJC_WEAK = YES;
				CLANG_WARN_BLOCK_CAPTURE_AUTORELEASING = YES;
				CLANG_WARN_BOOL_CONVERSION = YES;
				CLANG_WARN_COMMA = YES;
				CLANG_WARN_CONSTANT_CONVERSION = YES;
				CLANG_WARN_DEPRECATED_OBJC_IMPLEMENTATIONS = YES;
				CLANG_WARN_DIRECT_OBJC_ISA_USAGE = YES_ERROR;
				CLANG_WARN_DOCUMENTATION_COMMENTS = YES;
				CLANG_WARN_EMPTY_BODY = YES;
				CLANG_WARN_ENUM_CONVERSION = YES;
				CLANG_WARN_INFINITE_RECURSION = YES;
				CLANG_WARN_INT_CONVERSION = YES;
				CLANG_WARN_NON_LITERAL_NULL_CONVERSION = YES;
				CLANG_WARN_OBJC_IMPLICIT_RETAIN_SELF = YES;
				CLANG_WARN_OBJC_LITERAL_CONVERSION = YES;
				CLANG_WARN_OBJC_ROOT_CLASS = YES_ERROR;
				CLANG_WARN_QUOTED_INCLUDE_IN_FRAMEWORK_HEADER = YES;
				CLANG_WARN_RANGE_LOOP_ANALYSIS = YES;
				CLANG_WARN_STRICT_PROTOTYPES = YES;
				CLANG_WARN_SUSPICIOUS_MOVE = YES;
				CLANG_WARN_UNGUARDED_AVAILABILITY = YES_AGGRESSIVE;
				CLANG_WARN_UNREACHABLE_CODE = YES;
				CLANG_WARN__DUPLICATE_METHOD_MATCH = YES;
				COPY_PHASE_STRIP = NO;
				DEBUG_INFORMATION_FORMAT = "dwarf-with-dsym";
				ENABLE_NS_ASSERTIONS = NO;
				ENABLE_STRICT_OBJC_MSGSEND = YES;
				GCC_C_LANGUAGE_STANDARD = gnu11;
				GCC_NO_COMMON_BLOCKS = YES;
				GCC_WARN_64_TO_32_BIT_CONVERSION = YES;
				GCC_WARN_ABOUT_RETURN_TYPE = YES_ERROR;
				GCC_WARN_UNDECLARED_SELECTOR = YES;
				GCC_WARN_UNINITIALIZED_AUTOS = YES_AGGRESSIVE;
				GCC_WARN_UNUSED_FUNCTION = YES;
				GCC_WARN_UNUSED_VARIABLE = YES;
				MTL_ENABLE_DEBUG_INFO = NO;
				MTL_FAST_MATH = YES;
				SWIFT_COMPILATION_MODE = wholemodule;
				SWIFT_OPTIMIZATION_LEVEL = "-O";
			};
			name = Release;
		};
		B33005DF29E8B9F700DEF6AD /* Debug */ = {
			isa = XCBuildConfiguration;
			buildSettings = {
				ASSETCATALOG_COMPILER_APPICON_NAME = AppIcon;
				ASSETCATALOG_COMPILER_GLOBAL_ACCENT_COLOR_NAME = AccentColor;
				CODE_SIGN_ENTITLEMENTS = "Demo App/Demo_App.entitlements";
				CODE_SIGN_STYLE = Automatic;
				CURRENT_PROJECT_VERSION = 1;
				DEVELOPMENT_ASSET_PATHS = "\"Demo App/Preview Content\"";
				ENABLE_PREVIEWS = YES;
				GENERATE_INFOPLIST_FILE = YES;
				"INFOPLIST_KEY_UIApplicationSceneManifest_Generation[sdk=iphoneos*]" = YES;
				"INFOPLIST_KEY_UIApplicationSceneManifest_Generation[sdk=iphonesimulator*]" = YES;
				"INFOPLIST_KEY_UIApplicationSupportsIndirectInputEvents[sdk=iphoneos*]" = YES;
				"INFOPLIST_KEY_UIApplicationSupportsIndirectInputEvents[sdk=iphonesimulator*]" = YES;
				"INFOPLIST_KEY_UILaunchScreen_Generation[sdk=iphoneos*]" = YES;
				"INFOPLIST_KEY_UILaunchScreen_Generation[sdk=iphonesimulator*]" = YES;
				"INFOPLIST_KEY_UIStatusBarStyle[sdk=iphoneos*]" = UIStatusBarStyleDefault;
				"INFOPLIST_KEY_UIStatusBarStyle[sdk=iphonesimulator*]" = UIStatusBarStyleDefault;
				INFOPLIST_KEY_UISupportedInterfaceOrientations_iPad = "UIInterfaceOrientationPortrait UIInterfaceOrientationPortraitUpsideDown UIInterfaceOrientationLandscapeLeft UIInterfaceOrientationLandscapeRight";
				INFOPLIST_KEY_UISupportedInterfaceOrientations_iPhone = "UIInterfaceOrientationPortrait UIInterfaceOrientationLandscapeLeft UIInterfaceOrientationLandscapeRight";
				IPHONEOS_DEPLOYMENT_TARGET = 16.2;
				LD_RUNPATH_SEARCH_PATHS = "@executable_path/Frameworks";
				"LD_RUNPATH_SEARCH_PATHS[sdk=macosx*]" = "@executable_path/../Frameworks";
				MACOSX_DEPLOYMENT_TARGET = 12.6;
				MARKETING_VERSION = 1.0;
				PRODUCT_BUNDLE_IDENTIFIER = "Team-Future.Demo-App";
				PRODUCT_NAME = "$(TARGET_NAME)";
				SDKROOT = auto;
				SUPPORTED_PLATFORMS = "iphoneos iphonesimulator macosx";
				SWIFT_EMIT_LOC_STRINGS = YES;
				SWIFT_VERSION = 5.0;
				TARGETED_DEVICE_FAMILY = "1,2";
			};
			name = Debug;
		};
		B33005E029E8B9F700DEF6AD /* Release */ = {
			isa = XCBuildConfiguration;
			buildSettings = {
				ASSETCATALOG_COMPILER_APPICON_NAME = AppIcon;
				ASSETCATALOG_COMPILER_GLOBAL_ACCENT_COLOR_NAME = AccentColor;
				CODE_SIGN_ENTITLEMENTS = "Demo App/Demo_App.entitlements";
				CODE_SIGN_STYLE = Automatic;
				CURRENT_PROJECT_VERSION = 1;
				DEVELOPMENT_ASSET_PATHS = "\"Demo App/Preview Content\"";
				ENABLE_PREVIEWS = YES;
				GENERATE_INFOPLIST_FILE = YES;
				"INFOPLIST_KEY_UIApplicationSceneManifest_Generation[sdk=iphoneos*]" = YES;
				"INFOPLIST_KEY_UIApplicationSceneManifest_Generation[sdk=iphonesimulator*]" = YES;
				"INFOPLIST_KEY_UIApplicationSupportsIndirectInputEvents[sdk=iphoneos*]" = YES;
				"INFOPLIST_KEY_UIApplicationSupportsIndirectInputEvents[sdk=iphonesimulator*]" = YES;
				"INFOPLIST_KEY_UILaunchScreen_Generation[sdk=iphoneos*]" = YES;
				"INFOPLIST_KEY_UILaunchScreen_Generation[sdk=iphonesimulator*]" = YES;
				"INFOPLIST_KEY_UIStatusBarStyle[sdk=iphoneos*]" = UIStatusBarStyleDefault;
				"INFOPLIST_KEY_UIStatusBarStyle[sdk=iphonesimulator*]" = UIStatusBarStyleDefault;
				INFOPLIST_KEY_UISupportedInterfaceOrientations_iPad = "UIInterfaceOrientationPortrait UIInterfaceOrientationPortraitUpsideDown UIInterfaceOrientationLandscapeLeft UIInterfaceOrientationLandscapeRight";
				INFOPLIST_KEY_UISupportedInterfaceOrientations_iPhone = "UIInterfaceOrientationPortrait UIInterfaceOrientationLandscapeLeft UIInterfaceOrientationLandscapeRight";
				IPHONEOS_DEPLOYMENT_TARGET = 16.2;
				LD_RUNPATH_SEARCH_PATHS = "@executable_path/Frameworks";
				"LD_RUNPATH_SEARCH_PATHS[sdk=macosx*]" = "@executable_path/../Frameworks";
				MACOSX_DEPLOYMENT_TARGET = 12.6;
				MARKETING_VERSION = 1.0;
				PRODUCT_BUNDLE_IDENTIFIER = "Team-Future.Demo-App";
				PRODUCT_NAME = "$(TARGET_NAME)";
				SDKROOT = auto;
				SUPPORTED_PLATFORMS = "iphoneos iphonesimulator macosx";
				SWIFT_EMIT_LOC_STRINGS = YES;
				SWIFT_VERSION = 5.0;
				TARGETED_DEVICE_FAMILY = "1,2";
			};
			name = Release;
		};
		B33005E229E8B9F700DEF6AD /* Debug */ = {
			isa = XCBuildConfiguration;
			buildSettings = {
				ALWAYS_EMBED_SWIFT_STANDARD_LIBRARIES = YES;
				BUNDLE_LOADER = "$(TEST_HOST)";
				CODE_SIGN_STYLE = Automatic;
				CURRENT_PROJECT_VERSION = 1;
				GENERATE_INFOPLIST_FILE = YES;
				IPHONEOS_DEPLOYMENT_TARGET = 16.2;
				MACOSX_DEPLOYMENT_TARGET = 12.6;
				MARKETING_VERSION = 1.0;
				PRODUCT_BUNDLE_IDENTIFIER = "Team-Future.Demo-AppTests";
				PRODUCT_NAME = "$(TARGET_NAME)";
				SDKROOT = auto;
				SUPPORTED_PLATFORMS = "iphoneos iphonesimulator macosx";
				SWIFT_EMIT_LOC_STRINGS = NO;
				SWIFT_VERSION = 5.0;
				TARGETED_DEVICE_FAMILY = "1,2";
				TEST_HOST = "$(BUILT_PRODUCTS_DIR)/Demo App.app/$(BUNDLE_EXECUTABLE_FOLDER_PATH)/Demo App";
			};
			name = Debug;
		};
		B33005E329E8B9F700DEF6AD /* Release */ = {
			isa = XCBuildConfiguration;
			buildSettings = {
				ALWAYS_EMBED_SWIFT_STANDARD_LIBRARIES = YES;
				BUNDLE_LOADER = "$(TEST_HOST)";
				CODE_SIGN_STYLE = Automatic;
				CURRENT_PROJECT_VERSION = 1;
				GENERATE_INFOPLIST_FILE = YES;
				IPHONEOS_DEPLOYMENT_TARGET = 16.2;
				MACOSX_DEPLOYMENT_TARGET = 12.6;
				MARKETING_VERSION = 1.0;
				PRODUCT_BUNDLE_IDENTIFIER = "Team-Future.Demo-AppTests";
				PRODUCT_NAME = "$(TARGET_NAME)";
				SDKROOT = auto;
				SUPPORTED_PLATFORMS = "iphoneos iphonesimulator macosx";
				SWIFT_EMIT_LOC_STRINGS = NO;
				SWIFT_VERSION = 5.0;
				TARGETED_DEVICE_FAMILY = "1,2";
				TEST_HOST = "$(BUILT_PRODUCTS_DIR)/Demo App.app/$(BUNDLE_EXECUTABLE_FOLDER_PATH)/Demo App";
			};
			name = Release;
		};
		B33005E529E8B9F700DEF6AD /* Debug */ = {
			isa = XCBuildConfiguration;
			buildSettings = {
				ALWAYS_EMBED_SWIFT_STANDARD_LIBRARIES = YES;
				CODE_SIGN_STYLE = Automatic;
				CURRENT_PROJECT_VERSION = 1;
				GENERATE_INFOPLIST_FILE = YES;
				IPHONEOS_DEPLOYMENT_TARGET = 16.2;
				MACOSX_DEPLOYMENT_TARGET = 12.6;
				MARKETING_VERSION = 1.0;
				PRODUCT_BUNDLE_IDENTIFIER = "Team-Future.Demo-AppUITests";
				PRODUCT_NAME = "$(TARGET_NAME)";
				SDKROOT = auto;
				SUPPORTED_PLATFORMS = "iphoneos iphonesimulator macosx";
				SWIFT_EMIT_LOC_STRINGS = NO;
				SWIFT_VERSION = 5.0;
				TARGETED_DEVICE_FAMILY = "1,2";
				TEST_TARGET_NAME = "Demo App";
			};
			name = Debug;
		};
		B33005E629E8B9F700DEF6AD /* Release */ = {
			isa = XCBuildConfiguration;
			buildSettings = {
				ALWAYS_EMBED_SWIFT_STANDARD_LIBRARIES = YES;
				CODE_SIGN_STYLE = Automatic;
				CURRENT_PROJECT_VERSION = 1;
				GENERATE_INFOPLIST_FILE = YES;
				IPHONEOS_DEPLOYMENT_TARGET = 16.2;
				MACOSX_DEPLOYMENT_TARGET = 12.6;
				MARKETING_VERSION = 1.0;
				PRODUCT_BUNDLE_IDENTIFIER = "Team-Future.Demo-AppUITests";
				PRODUCT_NAME = "$(TARGET_NAME)";
				SDKROOT = auto;
				SUPPORTED_PLATFORMS = "iphoneos iphonesimulator macosx";
				SWIFT_EMIT_LOC_STRINGS = NO;
				SWIFT_VERSION = 5.0;
				TARGETED_DEVICE_FAMILY = "1,2";
				TEST_TARGET_NAME = "Demo App";
			};
			name = Release;
		};
/* End XCBuildConfiguration section */

/* Begin XCConfigurationList section */
		B33005B429E8B9F400DEF6AD /* Build configuration list for PBXProject "Demo App" */ = {
			isa = XCConfigurationList;
			buildConfigurations = (
				B33005DC29E8B9F700DEF6AD /* Debug */,
				B33005DD29E8B9F700DEF6AD /* Release */,
			);
			defaultConfigurationIsVisible = 0;
			defaultConfigurationName = Release;
		};
		B33005DE29E8B9F700DEF6AD /* Build configuration list for PBXNativeTarget "Demo App" */ = {
			isa = XCConfigurationList;
			buildConfigurations = (
				B33005DF29E8B9F700DEF6AD /* Debug */,
				B33005E029E8B9F700DEF6AD /* Release */,
			);
			defaultConfigurationIsVisible = 0;
			defaultConfigurationName = Release;
		};
		B33005E129E8B9F700DEF6AD /* Build configuration list for PBXNativeTarget "Demo AppTests" */ = {
			isa = XCConfigurationList;
			buildConfigurations = (
				B33005E229E8B9F700DEF6AD /* Debug */,
				B33005E329E8B9F700DEF6AD /* Release */,
			);
			defaultConfigurationIsVisible = 0;
			defaultConfigurationName = Release;
		};
		B33005E429E8B9F700DEF6AD /* Build configuration list for PBXNativeTarget "Demo AppUITests" */ = {
			isa = XCConfigurationList;
			buildConfigurations = (
				B33005E529E8B9F700DEF6AD /* Debug */,
				B33005E629E8B9F700DEF6AD /* Release */,
			);
			defaultConfigurationIsVisible = 0;
			defaultConfigurationName = Release;
		};
/* End XCConfigurationList section */
	};
	rootObject = B33005B129E8B9F400DEF6AD /* Project object */;
}
